
Microsoft Visual Studio Solution File, Format Version 12.00
# Visual Studio 15
Project("{FAE04EC0-301F-11D3-BF4B-00C04F79EFBC}") = "Assembly-CSharp", "Assembly-CSharp.csproj", "{CEC89759-4E1E-130D-4A37-F1D4581424CC}"
EndProject
Project("{FAE04EC0-301F-11D3-BF4B-00C04F79EFBC}") = "Assembly-CSharp-Editor", "Assembly-CSharp-Editor.csproj", "{7C3149BA-AE51-C70D-FBFA-490A739FB440}"
EndProject
Global
	GlobalSection(SolutionConfigurationPlatforms) = preSolution
		Debug|Any CPU = Debug|Any CPU
		Release|Any CPU = Release|Any CPU
	EndGlobalSection
	GlobalSection(ProjectConfigurationPlatforms) = postSolution
		{CEC89759-4E1E-130D-4A37-F1D4581424CC}.Debug|Any CPU.ActiveCfg = Debug|Any CPU
		{CEC89759-4E1E-130D-4A37-F1D4581424CC}.Debug|Any CPU.Build.0 = Debug|Any CPU
		{CEC89759-4E1E-130D-4A37-F1D4581424CC}.Release|Any CPU.ActiveCfg = Release|Any CPU
		{CEC89759-4E1E-130D-4A37-F1D4581424CC}.Release|Any CPU.Build.0 = Release|Any CPU
		{7C3149BA-AE51-C70D-FBFA-490A739FB440}.Debug|Any CPU.ActiveCfg = Debug|Any CPU
		{7C3149BA-AE51-C70D-FBFA-490A739FB440}.Debug|Any CPU.Build.0 = Debug|Any CPU
		{7C3149BA-AE51-C70D-FBFA-490A739FB440}.Release|Any CPU.ActiveCfg = Release|Any CPU
		{7C3149BA-AE51-C70D-FBFA-490A739FB440}.Release|Any CPU.Build.0 = Release|Any CPU
	EndGlobalSection
	GlobalSection(SolutionProperties) = preSolution
		HideSolutionNode = FALSE
	EndGlobalSection
EndGlobal
